{
  "name": "ng2-datepicker",
  "version": "0.0.1",
  "lockfileVersion": 2,
  "requires": true,
  "packages": {
    "": {
      "version": "0.0.1",
      "dependencies": {
        "date-fns": "^2.19.0",
        "ngx-slimscroll": "^11.0.0",
        "tslib": "^2.0.0"
      },
      "peerDependencies": {
        "@angular/common": "^11.2.8",
        "@angular/core": "^11.2.8"
      }
    },
    "node_modules/@angular/common": {
      "version": "11.2.8",
      "resolved": "https://registry.npmjs.org/@angular/common/-/common-11.2.8.tgz",
      "integrity": "sha512-li3UjvtrTf66hf75JBJsurPt6UTuICEpwDgtrTelbj76bvR78OCC3roLpYXy16QX/VTpJpjE8e4rKDXrgpFkDg==",
      "peer": true,
      "dependencies": {
        "tslib": "^2.0.0"
      },
      "peerDependencies": {
        "@angular/core": "11.2.8",
        "rxjs": "^6.5.3"
      }
    },
    "node_modules/@angular/core": {
      "version": "11.2.8",
      "resolved": "https://registry.npmjs.org/@angular/core/-/core-11.2.8.tgz",
      "integrity": "sha512-6Epm1gPy0V8nraQuzhLOmIGfpY230zAp2ETFIa2YOH/1sSRoU6Y7gpQ5My84nGq6Z6jaQ6oOThJl46IDUMx9sg==",
      "peer": true,
      "dependencies": {
        "tslib": "^2.0.0"
      },
      "peerDependencies": {
        "rxjs": "^6.5.3",
        "zone.js": "^0.10.2 || ^0.11.3"
      }
    },
    "node_modules/date-fns": {
      "version": "2.19.0",
      "resolved": "https://registry.npmjs.org/date-fns/-/date-fns-2.19.0.tgz",
      "integrity": "sha512-X3bf2iTPgCAQp9wvjOQytnf5vO5rESYRXlPIVcgSbtT5OTScPcsf9eZU+B/YIkKAtYr5WeCii58BgATrNitlWg==",
      "engines": {
        "node": ">=0.11"
      },
      "funding": {
        "type": "opencollective",
        "url": "https://opencollective.com/date-fns"
      }
    },
    "node_modules/ngx-slimscroll": {
      "version": "11.0.0",
      "resolved": "https://registry.npmjs.org/ngx-slimscroll/-/ngx-slimscroll-11.0.0.tgz",
      "integrity": "sha512-RCvqKnDfl9SmKggAFUHPaOgdjSi9p3FPqvcQexxoX7vYn2um27lmu7DAB2eKl9TJ9tykV+23ZGsTuxiPzwiXwQ==",
      "dependencies": {
        "tslib": "^2.0.0"
      },
      "peerDependencies": {
        "@angular/common": ">= 10.0.0",
        "@angular/core": ">= 10.0.0"
      }
    },
    "node_modules/rxjs": {
      "version": "6.6.7",
      "resolved": "https://registry.npmjs.org/rxjs/-/rxjs-6.6.7.tgz",
      "integrity": "sha512-hTdwr+7yYNIT5n4AMYp85KA6yw2Va0FLa3Rguvbpa4W3I5xynaBZo41cM3XM+4Q6fRMj3sBYIR1VAmZMXYJvRQ==",
      "peer": true,
      "dependencies": {
        "tslib": "^1.9.0"
      },
      "engines": {
        "npm": ">=2.0.0"
      }
    },
    "node_modules/rxjs/node_modules/tslib": {
      "version": "1.14.1",
      "resolved": "https://registry.npmjs.org/tslib/-/tslib-1.14.1.tgz",
      "integrity": "sha512-Xni35NKzjgMrwevysHTCArtLDpPvye8zV/0E4EyYn43P7/7qvQwPh9BGkHewbMulVntbigmcT7rdX3BNo9wRJg==",
      "peer": true
    },
    "node_modules/tslib": {
      "version": "2.1.0",
      "resolved": "https://registry.npmjs.org/tslib/-/tslib-2.1.0.tgz",
      "integrity": "sha512-hcVC3wYEziELGGmEEXue7D75zbwIIVUMWAVbHItGPx0ziyXxrOMQx4rQEVEV45Ut/1IotuEvwqPopzIOkDMf0A=="
    },
    "node_modules/zone.js": {
      "version": "0.11.4",
      "resolved": "https://registry.npmjs.org/zone.js/-/zone.js-0.11.4.tgz",
      "integrity": "sha512-DDh2Ab+A/B+9mJyajPjHFPWfYU1H+pdun4wnnk0OcQTNjem1XQSZ2CDW+rfZEUDjv5M19SBqAkjZi0x5wuB5Qw==",
      "peer": true,
      "dependencies": {
        "tslib": "^2.0.0"
      }
    }
  },
  "dependencies": {
    "@angular/common": {
      "version": "11.2.8",
      "resolved": "https://registry.npmjs.org/@angular/common/-/common-11.2.8.tgz",
      "integrity": "sha512-li3UjvtrTf66hf75JBJsurPt6UTuICEpwDgtrTelbj76bvR78OCC3roLpYXy16QX/VTpJpjE8e4rKDXrgpFkDg==",
      "peer": true,
      "requires": {
        "tslib": "^2.0.0"
      }
    },
    "@angular/core": {
      "version": "11.2.8",
      "resolved": "https://registry.npmjs.org/@angular/core/-/core-11.2.8.tgz",
      "integrity": "sha512-6Epm1gPy0V8nraQuzhLOmIGfpY230zAp2ETFIa2YOH/1sSRoU6Y7gpQ5My84nGq6Z6jaQ6oOThJl46IDUMx9sg==",
      "peer": true,
      "requires": {
        "tslib": "^2.0.0"
      }
    },
    "date-fns": {
      "version": "2.19.0",
      "resolved": "https://registry.npmjs.org/date-fns/-/date-fns-2.19.0.tgz",
      "integrity": "sha512-X3bf2iTPgCAQp9wvjOQytnf5vO5rESYRXlPIVcgSbtT5OTScPcsf9eZU+B/YIkKAtYr5WeCii58BgATrNitlWg=="
    },
    "ngx-slimscroll": {
      "version": "11.0.0",
      "resolved": "https://registry.npmjs.org/ngx-slimscroll/-/ngx-slimscroll-11.0.0.tgz",
      "integrity": "sha512-RCvqKnDfl9SmKggAFUHPaOgdjSi9p3FPqvcQexxoX7vYn2um27lmu7DAB2eKl9TJ9tykV+23ZGsTuxiPzwiXwQ==",
      "requires": {
        "tslib": "^2.0.0"
      }
    },
    "rxjs": {
      "version": "6.6.7",
      "resolved": "https://registry.npmjs.org/rxjs/-/rxjs-6.6.7.tgz",
      "integrity": "sha512-hTdwr+7yYNIT5n4AMYp85KA6yw2Va0FLa3Rguvbpa4W3I5xynaBZo41cM3XM+4Q6fRMj3sBYIR1VAmZMXYJvRQ==",
      "peer": true,
      "requires": {
        "tslib": "^1.9.0"
      },
      "dependencies": {
        "tslib": {
          "version": "1.14.1",
          "resolved": "https://registry.npmjs.org/tslib/-/tslib-1.14.1.tgz",
          "integrity": "sha512-Xni35NKzjgMrwevysHTCArtLDpPvye8zV/0E4EyYn43P7/7qvQwPh9BGkHewbMulVntbigmcT7rdX3BNo9wRJg==",
          "peer": true
        }
      }
    },
    "tslib": {
      "version": "2.1.0",
      "resolved": "https://registry.npmjs.org/tslib/-/tslib-2.1.0.tgz",
      "integrity": "sha512-hcVC3wYEziELGGmEEXue7D75zbwIIVUMWAVbHItGPx0ziyXxrOMQx4rQEVEV45Ut/1IotuEvwqPopzIOkDMf0A=="
    },
    "zone.js": {
      "version": "0.11.4",
      "resolved": "https://registry.npmjs.org/zone.js/-/zone.js-0.11.4.tgz",
      "integrity": "sha512-DDh2Ab+A/B+9mJyajPjHFPWfYU1H+pdun4wnnk0OcQTNjem1XQSZ2CDW+rfZEUDjv5M19SBqAkjZi0x5wuB5Qw==",
      "peer": true,
      "requires": {
        "tslib": "^2.0.0"
      }
    }
  }
}
